<?xml version="1.0" encoding="utf-8"?>
<Project ToolsVersion="4.0" xmlns="http://schemas.microsoft.com/developer/msbuild/2003">
  <ItemGroup>
    <Filter Include="源文件">
      <UniqueIdentifier>{4FC737F1-C7A5-4376-A066-2A32D752A2FF}</UniqueIdentifier>
      <Extensions>cpp;c;cc;cxx;c++;cppm;ixx;def;odl;idl;hpj;bat;asm;asmx</Extensions>
    </Filter>
    <Filter Include="头文件">
      <UniqueIdentifier>{93995380-89BD-4b04-88EB-625FBE52EBFB}</UniqueIdentifier>
      <Extensions>h;hh;hpp;hxx;h++;hm;inl;inc;ipp;xsd</Extensions>
    </Filter>
    <Filter Include="资源文件">
      <UniqueIdentifier>{67DA6AB6-F800-4c08-8B7A-83BB121AAD01}</UniqueIdentifier>
      <Extensions>rc;ico;cur;bmp;dlg;rc2;rct;bin;rgs;gif;jpg;jpeg;jpe;resx;tiff;tif;png;wav;mfcribbon-ms</Extensions>
    </Filter>
  </ItemGroup>
  <ItemGroup>
    <ClInclude Include="framework.h">
      <Filter>头文件</Filter>
    </ClInclude>
    <ClInclude Include="targetver.h">
      <Filter>头文件</Filter>
    </ClInclude>
    <ClInclude Include="Resource.h">
      <Filter>头文件</Filter>
    </ClInclude>
    <ClInclude Include="SimpleEzUI.h">
      <Filter>头文件</Filter>
    </ClInclude>
    <ClInclude Include="pch.h">
      <Filter>头文件</Filter>
    </ClInclude>
    <ClInclude Include="core\EzUIWindow.h">
      <Filter>头文件</Filter>
    </ClInclude>
    <ClInclude Include="core\EzUIAppWindow.h">
      <Filter>头文件</Filter>
    </ClInclude>
    <ClInclude Include="common\signal.h">
      <Filter>头文件</Filter>
    </ClInclude>
    <ClInclude Include="common\signal_dispatcher.h">
      <Filter>头文件</Filter>
    </ClInclude>
    <ClInclude Include="layout-engine\EngineEditBoxRender.h">
      <Filter>头文件</Filter>
    </ClInclude>
    <ClInclude Include="core\EzUIApp.h">
      <Filter>头文件</Filter>
    </ClInclude>
    <ClInclude Include="layout-engine\EngineLayoutRender.h">
      <Filter>头文件</Filter>
    </ClInclude>
    <ClInclude Include="layout-engine\EzUIDocParser.h">
      <Filter>头文件</Filter>
    </ClInclude>
    <ClInclude Include="SimpleEzUIConsole.h">
      <Filter>头文件</Filter>
    </ClInclude>
    <ClInclude Include="layout-engine\EzUIElement.h">
      <Filter>头文件</Filter>
    </ClInclude>
    <ClInclude Include="layout-engine\EzUITreeBuilder.h">
      <Filter>头文件</Filter>
    </ClInclude>
    <ClInclude Include="layout-engine\EzUIDocNode.h">
      <Filter>头文件</Filter>
    </ClInclude>
    <ClInclude Include="layout-engine\EzUIElementBuilder.h">
      <Filter>头文件</Filter>
    </ClInclude>
    <ClInclude Include="common\file_watch.h">
      <Filter>头文件</Filter>
    </ClInclude>
    <ClInclude Include="layout-engine\EzUIPropertyResolvers.h">
      <Filter>头文件</Filter>
    </ClInclude>
    <ClInclude Include="utils\WinConsole.h">
      <Filter>头文件</Filter>
    </ClInclude>
    <ClInclude Include="utils\DumpInfo.h">
      <Filter>头文件</Filter>
    </ClInclude>
    <ClInclude Include="layout-engine\property-resolvers\FlexResolvers.h">
      <Filter>头文件</Filter>
    </ClInclude>
    <ClInclude Include="layout-engine\EzUISvgElement.h">
      <Filter>头文件</Filter>
    </ClInclude>
    <ClInclude Include="layout-engine\EzUITextFormatCaches.h">
      <Filter>头文件</Filter>
    </ClInclude>
  </ItemGroup>
  <ItemGroup>
    <ClCompile Include="SimpleEzUI.cpp">
      <Filter>源文件</Filter>
    </ClCompile>
    <ClCompile Include="pch.cpp">
      <Filter>源文件</Filter>
    </ClCompile>
    <ClCompile Include="core\EzUIAppWindow.cpp">
      <Filter>源文件</Filter>
    </ClCompile>
    <ClCompile Include="core\EzUIWindow.cpp">
      <Filter>源文件</Filter>
    </ClCompile>
    <ClCompile Include="common\signal.cpp">
      <Filter>源文件</Filter>
    </ClCompile>
    <ClCompile Include="common\signal_dispatcher.cpp">
      <Filter>源文件</Filter>
    </ClCompile>
    <ClCompile Include="layout-engine\EngineEditBoxRender.cpp">
      <Filter>源文件</Filter>
    </ClCompile>
    <ClCompile Include="core\EzUIApp.cpp">
      <Filter>源文件</Filter>
    </ClCompile>
    <ClCompile Include="layout-engine\EngineLayoutRender.cpp">
      <Filter>源文件</Filter>
    </ClCompile>
    <ClCompile Include="layout-engine\EzUIDocParser.cpp">
      <Filter>源文件</Filter>
    </ClCompile>
    <ClCompile Include="SimpleEzUIConsole.cpp">
      <Filter>源文件</Filter>
    </ClCompile>
    <ClCompile Include="layout-engine\EzUIElement.cpp">
      <Filter>源文件</Filter>
    </ClCompile>
    <ClCompile Include="layout-engine\EzUITreeBuilder.cpp">
      <Filter>源文件</Filter>
    </ClCompile>
    <ClCompile Include="layout-engine\EzUIDocNode.cpp">
      <Filter>源文件</Filter>
    </ClCompile>
    <ClCompile Include="layout-engine\EzUIElementBuilder.cpp">
      <Filter>源文件</Filter>
    </ClCompile>
    <ClCompile Include="common\file_watch.cpp">
      <Filter>源文件</Filter>
    </ClCompile>
    <ClCompile Include="layout-engine\EzUIPropertyResolvers.cpp">
      <Filter>源文件</Filter>
    </ClCompile>
    <ClCompile Include="utils\WinConsole.cpp">
      <Filter>源文件</Filter>
    </ClCompile>
    <ClCompile Include="utils\DumpInfo.cpp">
      <Filter>源文件</Filter>
    </ClCompile>
    <ClCompile Include="layout-engine\property-resolvers\FlexResolvers.cpp">
      <Filter>源文件</Filter>
    </ClCompile>
    <ClCompile Include="layout-engine\EzUISvgElement.cpp">
      <Filter>源文件</Filter>
    </ClCompile>
    <ClCompile Include="layout-engine\EzUITextFormatCaches.cpp">
      <Filter>源文件</Filter>
    </ClCompile>
  </ItemGroup>
  <ItemGroup>
    <ResourceCompile Include="SimpleEzUI.rc">
      <Filter>资源文件</Filter>
    </ResourceCompile>
  </ItemGroup>
  <ItemGroup>
    <Image Include="small.ico">
      <Filter>资源文件</Filter>
    </Image>
    <Image Include="SimpleEzUI.ico">
      <Filter>资源文件</Filter>
    </Image>
  </ItemGroup>
  <ItemGroup>
    <None Include="main.ezui" />
    <None Include="SimpleEzUI.ezui" />
  </ItemGroup>
</Project>